
Microsoft Visual Studio Solution File, Format Version 12.00
# Visual Studio Version 17
VisualStudioVersion = 17.1.32210.238
MinimumVisualStudioVersion = 10.0.40219.1
Project("{9A19103F-16F7-4668-BE54-9A1E7A4F7556}") = "SizeBench.PathLocators", "SizeBench.PathLocators\SizeBench.PathLocators.csproj", "{8DC65B1C-73E7-4115-BEF9-A4E2BB227BBD}"
EndProject
Project("{2150E333-8FDC-42A3-9474-1A3956D46DE8}") = "PathLocators", "PathLocators", "{42A14DC3-4E12-43EA-BA1F-4A3AA3176624}"
EndProject
Project("{2150E333-8FDC-42A3-9474-1A3956D46DE8}") = "Solution Items", "Solution Items", "{F280E6E5-6895-4ABC-ACB5-0015D2E7C70B}"
	ProjectSection(SolutionItems) = preProject
		..\.editorconfig = ..\.editorconfig
		..\.gitignore = ..\.gitignore
		Directory.Build.props = Directory.Build.props
		Directory.Build.targets = Directory.Build.targets
		Directory.Packages.props = Directory.Packages.props
		global.json = global.json
		NuGet.config = NuGet.config
	EndProjectSection
EndProject
Project("{9A19103F-16F7-4668-BE54-9A1E7A4F7556}") = "SizeBench.LocalBuild", "SizeBench.LocalBuild\SizeBench.LocalBuild.csproj", "{F1FED405-1C77-4DF1-A8C7-1FB85496271F}"
EndProject
Project("{2150E333-8FDC-42A3-9474-1A3956D46DE8}") = "build", "build", "{48871072-BBA3-4232-AB7E-6A204F4109C9}"
	ProjectSection(SolutionItems) = preProject
		..\build\SizeBench-BuildAndTest-Job.yml = ..\build\SizeBench-BuildAndTest-Job.yml
		..\build\SizeBench-BuildAndTest-Steps.yml = ..\build\SizeBench-BuildAndTest-Steps.yml
		..\build\SizeBench-CI.yml = ..\build\SizeBench-CI.yml
		..\build\SizeBench-Variables.yml = ..\build\SizeBench-Variables.yml
		..\build\Test-SizeBenchPackage.ps1 = ..\build\Test-SizeBenchPackage.ps1
	EndProjectSection
EndProject
Project("{2150E333-8FDC-42A3-9474-1A3956D46DE8}") = "Tests", "Tests", "{5E7F622A-2164-45BD-94F2-682AD964C057}"
	ProjectSection(SolutionItems) = preProject
		ExcludeSlowTests.playlist = ExcludeSlowTests.playlist
		RunSettings.runsettings = RunSettings.runsettings
		TestPEProjects\TestPEDll.props = TestPEProjects\TestPEDll.props
	EndProjectSection
EndProject
Project("{2150E333-8FDC-42A3-9474-1A3956D46DE8}") = "Core", "Core", "{DDB4277D-5229-47F8-8A1C-576CA06F7D0D}"
EndProject
Project("{9A19103F-16F7-4668-BE54-9A1E7A4F7556}") = "SizeBench.AsyncInfrastructure", "SizeBench.AsyncInfrastructure\SizeBench.AsyncInfrastructure.csproj", "{F2EE1D2F-E908-4C6B-9A03-22E101F95882}"
EndProject
Project("{9A19103F-16F7-4668-BE54-9A1E7A4F7556}") = "SizeBench.Logging", "SizeBench.Logging\SizeBench.Logging.csproj", "{77B1C741-09A2-4C69-9CE9-CCC814104F2E}"
EndProject
Project("{9A19103F-16F7-4668-BE54-9A1E7A4F7556}") = "SizeBench.Logging.Tests", "SizeBench.Logging.Tests\SizeBench.Logging.Tests.csproj", "{67AB8708-AC46-4AB4-BE88-AFEBBFF0798E}"
EndProject
Project("{9A19103F-16F7-4668-BE54-9A1E7A4F7556}") = "SizeBench.TestInfrastructure", "SizeBench.TestInfrastructure\SizeBench.TestInfrastructure.csproj", "{97DCB2D9-F2C5-4342-B229-1708A11F0DD9}"
EndProject
Project("{9A19103F-16F7-4668-BE54-9A1E7A4F7556}") = "SizeBench.ErrorReporting", "SizeBench.ErrorReporting\SizeBench.ErrorReporting.csproj", "{45FED563-6A30-4145-AB46-7D91FC6DA891}"
EndProject
Project("{9A19103F-16F7-4668-BE54-9A1E7A4F7556}") = "SizeBench.ErrorReporting.Tests", "SizeBench.ErrorReporting.Tests\SizeBench.ErrorReporting.Tests.csproj", "{5158845A-13ED-484C-8B7B-555E503CDACF}"
EndProject
Project("{2150E333-8FDC-42A3-9474-1A3956D46DE8}") = "docs", "docs", "{85C0E032-D387-4A5A-BEC8-346E02B38ADE}"
	ProjectSection(SolutionItems) = preProject
		..\docs\Analysis Engine internals.md = ..\docs\Analysis Engine internals.md
		..\CODE_OF_CONDUCT.md = ..\CODE_OF_CONDUCT.md
		..\CONTRIBUTING.md = ..\CONTRIBUTING.md
		..\docs\Opening a Session.md = ..\docs\Opening a Session.md
		..\docs\Principles.md = ..\docs\Principles.md
		..\README.md = ..\README.md
		..\SECURITY.md = ..\SECURITY.md
		..\docs\Size VirtualSize and RVAs.md = ..\docs\Size VirtualSize and RVAs.md
		..\docs\Solution Architecture.md = ..\docs\Solution Architecture.md
		..\SUPPORT.md = ..\SUPPORT.md
		..\docs\Test Strategy.md = ..\docs\Test Strategy.md
	EndProjectSection
EndProject
Project("{2150E333-8FDC-42A3-9474-1A3956D46DE8}") = "EndUserDocs", "EndUserDocs", "{D2149B95-7115-43D7-9E9E-B68D703F205C}"
	ProjectSection(SolutionItems) = preProject
		..\EndUserDocs\binary-section.html = ..\EndUserDocs\binary-section.html
		..\EndUserDocs\coff-group.html = ..\EndUserDocs\coff-group.html
		..\EndUserDocs\compiland.html = ..\EndUserDocs\compiland.html
		..\EndUserDocs\diff.html = ..\EndUserDocs\diff.html
		..\EndUserDocs\duplicate-data.html = ..\EndUserDocs\duplicate-data.html
		..\EndUserDocs\dynamic-initializers.html = ..\EndUserDocs\dynamic-initializers.html
		..\EndUserDocs\exceptions.html = ..\EndUserDocs\exceptions.html
		..\EndUserDocs\index.html = ..\EndUserDocs\index.html
		..\EndUserDocs\single-binary.html = ..\EndUserDocs\single-binary.html
		..\EndUserDocs\styles.css = ..\EndUserDocs\styles.css
		..\EndUserDocs\template-foldability.html = ..\EndUserDocs\template-foldability.html
		..\EndUserDocs\type-layout.html = ..\EndUserDocs\type-layout.html
		..\EndUserDocs\wasteful-virtuals.html = ..\EndUserDocs\wasteful-virtuals.html
	EndProjectSection
EndProject
Project("{2150E333-8FDC-42A3-9474-1A3956D46DE8}") = "Images", "Images", "{593BF351-442B-49CD-B75B-D11905FB76FE}"
	ProjectSection(SolutionItems) = preProject
		..\EndUserDocs\Images\Deeplinks.png = ..\EndUserDocs\Images\Deeplinks.png
		..\EndUserDocs\Images\DuplicateData_duplicatedPointArray.png = ..\EndUserDocs\Images\DuplicateData_duplicatedPointArray.png
		..\EndUserDocs\Images\DuplicateData_Overview.png = ..\EndUserDocs\Images\DuplicateData_Overview.png
		..\EndUserDocs\Images\DynamicInitializers_aliasesSeparator.png = ..\EndUserDocs\Images\DynamicInitializers_aliasesSeparator.png
		..\EndUserDocs\Images\DynamicInitializers_Overview.png = ..\EndUserDocs\Images\DynamicInitializers_Overview.png
		..\EndUserDocs\Images\Size_vs_VirtualSize.png = ..\EndUserDocs\Images\Size_vs_VirtualSize.png
		..\EndUserDocs\Images\TemplateFoldability_Anaheim_MojoValidateStruct.png = ..\EndUserDocs\Images\TemplateFoldability_Anaheim_MojoValidateStruct.png
		..\EndUserDocs\Images\TemplateFoldability_Anaheim_MojoValidateStruct_LineNumber.png = ..\EndUserDocs\Images\TemplateFoldability_Anaheim_MojoValidateStruct_LineNumber.png
		..\EndUserDocs\Images\TemplateFoldability_Anaheim_Overview.png = ..\EndUserDocs\Images\TemplateFoldability_Anaheim_Overview.png
		..\EndUserDocs\Images\TypeLayout_WindowsTerminal_FontInfo.png = ..\EndUserDocs\Images\TypeLayout_WindowsTerminal_FontInfo.png
		..\EndUserDocs\Images\TypeLayout_WindowsTerminal_FontInfo_FontInfoBaseExpanded.png = ..\EndUserDocs\Images\TypeLayout_WindowsTerminal_FontInfo_FontInfoBaseExpanded.png
		..\EndUserDocs\Images\TypeLayout_WindowsTerminal_ROW.png = ..\EndUserDocs\Images\TypeLayout_WindowsTerminal_ROW.png
		..\EndUserDocs\Images\TypeLayout_WindowsTerminal_ROW_CharRowExpanded.png = ..\EndUserDocs\Images\TypeLayout_WindowsTerminal_ROW_CharRowExpanded.png
		..\EndUserDocs\Images\WastefulVirtuals_Overview.png = ..\EndUserDocs\Images\WastefulVirtuals_Overview.png
		..\EndUserDocs\Images\WastefulVirtuals_VtEngine.png = ..\EndUserDocs\Images\WastefulVirtuals_VtEngine.png
		..\EndUserDocs\Images\WelcomePage.png = ..\EndUserDocs\Images\WelcomePage.png
	EndProjectSection
EndProject
Project("{2150E333-8FDC-42A3-9474-1A3956D46DE8}") = "Analysis Engine", "Analysis Engine", "{91DD9AE7-E9BE-4382-BF3B-797418B4907D}"
EndProject
Project("{2150E333-8FDC-42A3-9474-1A3956D46DE8}") = "RealPE Test Projects", "RealPE Test Projects", "{DCE07710-61B5-4730-BF3D-1488D637807D}"
	ProjectSection(SolutionItems) = preProject
		TestPEProjects\Readme - AnalysisEngine PE Files.txt = TestPEProjects\Readme - AnalysisEngine PE Files.txt
		TestPEProjects\TestPEDll.props = TestPEProjects\TestPEDll.props
	EndProjectSection
EndProject
Project("{2150E333-8FDC-42A3-9474-1A3956D46DE8}") = "Before", "Before", "{4C07222A-0447-44E5-9898-24C7AC96548E}"
EndProject
Project("{2150E333-8FDC-42A3-9474-1A3956D46DE8}") = "After", "After", "{363BE50F-77C0-478E-A7D4-8404039F9B8A}"
EndProject
Project("{8BC9CEB8-8B4A-11D0-8D11-00A0C91BC942}") = "CppTestCases_BasicDiffObjectsAfter", "TestPEProjects\CppTestCases_BasicDiffObjectsAfter\CppTestCases_BasicDiffObjectsAfter.vcxproj", "{694D30FE-FA6D-4CBC-A0B3-D397A8F82CFF}"
EndProject
Project("{8BC9CEB8-8B4A-11D0-8D11-00A0C91BC942}") = "SizeBenchV2.AnalysisEngine.Tests.CppTestCasesAfter", "TestPEProjects\SizeBenchV2.AnalysisEngine.Tests.CppTestCasesAfter\SizeBenchV2.AnalysisEngine.Tests.CppTestCasesAfter.vcxproj", "{15B12A39-F54A-4244-9940-551AF903991A}"
EndProject
Project("{8BC9CEB8-8B4A-11D0-8D11-00A0C91BC942}") = "StaticLib1", "TestPEProjects\StaticLibs\After\StaticLib1\StaticLib1.vcxproj", "{69E04B57-3CB8-4327-9CC0-7342061F4839}"
EndProject
Project("{8BC9CEB8-8B4A-11D0-8D11-00A0C91BC942}") = "StaticLib3", "TestPEProjects\StaticLibs\After\StaticLib3\StaticLib3.vcxproj", "{B6664B36-18A2-4590-ACD4-423104013C5D}"
EndProject
Project("{8BC9CEB8-8B4A-11D0-8D11-00A0C91BC942}") = "StaticLib1", "TestPEProjects\StaticLibs\Before\StaticLib1\StaticLib1.vcxproj", "{AA13147E-EAEC-4ACB-A89B-F0EBC0F185A3}"
EndProject
Project("{8BC9CEB8-8B4A-11D0-8D11-00A0C91BC942}") = "StaticLib2", "TestPEProjects\StaticLibs\Before\StaticLib2\StaticLib2.vcxproj", "{6472F1DC-F79D-4C0E-8B50-F1A9A60F6E08}"
EndProject
Project("{8BC9CEB8-8B4A-11D0-8D11-00A0C91BC942}") = "SizeBenchV2.AnalysisEngine.Tests.CppTestCasesBefore", "TestPEProjects\SizeBenchV2.AnalysisEngine.Tests.CppTestCasesBefore\SizeBenchV2.AnalysisEngine.Tests.CppTestCasesBefore.vcxproj", "{805FD1E9-A7D9-4D63-9F45-BD6317BAB281}"
EndProject
Project("{8BC9CEB8-8B4A-11D0-8D11-00A0C91BC942}") = "CppTestCases_BasicDiffObjectsBefore", "TestPEProjects\CppTestCases_BasicDiffObjectsBefore\CppTestCases_BasicDiffObjectsBefore.vcxproj", "{1D040B79-5BBD-4209-AD95-AD45002C4ECA}"
EndProject
Project("{8BC9CEB8-8B4A-11D0-8D11-00A0C91BC942}") = "PEParser.Tests.Dllarm32", "TestPEProjects\PEParser.Tests.Dllarm32\PEParser.Tests.Dllarm32.vcxproj", "{0CB24F74-3CCE-4BAA-969F-689B9F107662}"
EndProject
Project("{8BC9CEB8-8B4A-11D0-8D11-00A0C91BC942}") = "PEParser.Tests.DllCxxFrameHandler4", "TestPEProjects\PEParser.Tests.DllCxxFrameHandler4\PEParser.Tests.DllCxxFrameHandler4.vcxproj", "{B74CF335-2B65-4EE4-B827-87FF86CF1E4E}"
EndProject
Project("{8BC9CEB8-8B4A-11D0-8D11-00A0C91BC942}") = "PEParser.Tests.Dllx64", "TestPEProjects\PEParser.Tests.Dllx64\PEParser.Tests.Dllx64.vcxproj", "{029285BD-A827-406E-91E1-1E5C3EF04144}"
EndProject
Project("{8BC9CEB8-8B4A-11D0-8D11-00A0C91BC942}") = "PEParser.Tests.Dllx86", "TestPEProjects\PEParser.Tests.Dllx86\PEParser.Tests.Dllx86.vcxproj", "{122CE9E9-EDAC-4A8C-BED9-D4A5AB8878E6}"
EndProject
Project("{8BC9CEB8-8B4A-11D0-8D11-00A0C91BC942}") = "SizeBenchV2.AnalysisEngine.Tests.Cpp17", "TestPEProjects\SizeBenchV2.AnalysisEngine.Tests.Cpp17\SizeBenchV2.AnalysisEngine.Tests.Cpp17.vcxproj", "{711E8382-1C4A-4605-8ED4-4C60F7D977BF}"
EndProject
Project("{8BC9CEB8-8B4A-11D0-8D11-00A0C91BC942}") = "SizeBenchV2.AnalysisEngine.Tests.Cpp32BitDll", "TestPEProjects\SizeBenchV2.AnalysisEngine.Tests.Cpp32BitDll\SizeBenchV2.AnalysisEngine.Tests.Cpp32BitDll.vcxproj", "{5348AC48-C548-48C5-B21D-D3574C1BBC01}"
EndProject
Project("{8BC9CEB8-8B4A-11D0-8D11-00A0C91BC942}") = "SizeBenchV2.AnalysisEngine.Tests.CppDll", "TestPEProjects\SizeBenchV2.AnalysisEngine.Tests.CppDll\SizeBenchV2.AnalysisEngine.Tests.CppDll.vcxproj", "{8BD87B9C-9270-4AC7-8582-42CB5EBF8A2F}"
EndProject
Project("{8BC9CEB8-8B4A-11D0-8D11-00A0C91BC942}") = "SizeBenchV2.AnalysisEngine.Tests.CppWinRT", "TestPEProjects\SizeBenchV2.AnalysisEngine.Tests.CppWinRT\SizeBenchV2.AnalysisEngine.Tests.CppWinRT.vcxproj", "{0F46C1E4-BD6C-4F1F-8F1A-D59317ADA373}"
EndProject
Project("{8BC9CEB8-8B4A-11D0-8D11-00A0C91BC942}") = "SizeBenchV2.AnalysisEngine.Tests.Dllx64CustomAlign", "TestPEProjects\SizeBenchV2.AnalysisEngine.Tests.Dllx64CustomAlign\SizeBenchV2.AnalysisEngine.Tests.Dllx64CustomAlign.vcxproj", "{48C85EF3-56E1-4E53-9AC9-00753AA506E7}"
EndProject
Project("{8BC9CEB8-8B4A-11D0-8D11-00A0C91BC942}") = "SizeBenchV2.AnalysisEngine.Tests.Dllx64MinimalPDB", "TestPEProjects\SizeBenchV2.AnalysisEngine.Tests.Dllx64MinimalPDB\SizeBenchV2.AnalysisEngine.Tests.Dllx64MinimalPDB.vcxproj", "{FFC2E6D1-26DE-43E6-AC0F-4A0DCDBC1549}"
EndProject
Project("{8BC9CEB8-8B4A-11D0-8D11-00A0C91BC942}") = "SizeBenchV2.AnalysisEngine.Tests.ForceIntegrityBit", "TestPEProjects\SizeBenchV2.AnalysisEngine.Tests.ForceIntegrityBit\SizeBenchV2.AnalysisEngine.Tests.ForceIntegrityBit.vcxproj", "{AE50A1BE-117A-465A-B782-2BCEBB6074C7}"
EndProject
Project("{9A19103F-16F7-4668-BE54-9A1E7A4F7556}") = "SizeBench.AnalysisEngine", "SizeBench.AnalysisEngine\SizeBench.AnalysisEngine.csproj", "{486D1119-0570-4551-BAD3-CB4C7A03A7C1}"
EndProject
Project("{9A19103F-16F7-4668-BE54-9A1E7A4F7556}") = "SizeBench.AnalysisEngine.Tests", "SizeBench.AnalysisEngine.Tests\SizeBench.AnalysisEngine.Tests.csproj", "{C6030731-9CC2-4FE0-B2BB-C7F62C0E46BD}"
EndProject
Project("{9A19103F-16F7-4668-BE54-9A1E7A4F7556}") = "SizeBench.TestDataCommon", "SizeBench.TestDataCommon\SizeBench.TestDataCommon.csproj", "{1B091758-7467-4B4C-A31B-466BEE413624}"
EndProject
Project("{9A19103F-16F7-4668-BE54-9A1E7A4F7556}") = "SizeBench.AnalysisEngine.RealPETests", "SizeBench.AnalysisEngine.RealPETests\SizeBench.AnalysisEngine.RealPETests.csproj", "{F17FD7D7-4E57-4499-99AB-45C5C9B6ED94}"
EndProject
Project("{9A19103F-16F7-4668-BE54-9A1E7A4F7556}") = "SizeBench.ExcelExporter", "SizeBench.ExcelExporter\SizeBench.ExcelExporter.csproj", "{82089C1B-BE55-4209-AD58-199A34E95EFD}"
EndProject
Project("{9A19103F-16F7-4668-BE54-9A1E7A4F7556}") = "SizeBench.ExcelExporter.Tests", "SizeBench.ExcelExporter.Tests\SizeBench.ExcelExporter.Tests.csproj", "{8D44AA34-F205-4E0C-8D8B-9B48BA63FBCE}"
EndProject
Project("{2150E333-8FDC-42A3-9474-1A3956D46DE8}") = "GUI", "GUI", "{8A39C918-2EE8-4630-BD34-C1ED9BD5B367}"
EndProject
Project("{9A19103F-16F7-4668-BE54-9A1E7A4F7556}") = "SizeBench.GUI", "SizeBench.GUI\SizeBench.GUI.csproj", "{58673F85-0809-4DB3-B5B6-08EB6680689E}"
EndProject
Project("{9A19103F-16F7-4668-BE54-9A1E7A4F7556}") = "SizeBench.GUI.Tests", "SizeBench.GUI.Tests\SizeBench.GUI.Tests.csproj", "{566B5487-E496-4DCC-A3D1-B6C96418EAB4}"
EndProject
Project("{9A19103F-16F7-4668-BE54-9A1E7A4F7556}") = "SizeBench.GUI.RealPETests", "SizeBench.GUI.RealPETests\SizeBench.GUI.RealPETests.csproj", "{F1641922-98EC-4AEF-81D8-84AA5B4F3820}"
EndProject
Project("{C7167F0D-BC9F-4E6E-AFE1-012C56B48DB5}") = "SizeBench.GUI.Packaging", "SizeBench.GUI.Packaging\SizeBench.GUI.Packaging.wapproj", "{7C2B0ED6-F9B5-47C0-A531-1DD7731B0681}"
EndProject
Project("{2150E333-8FDC-42A3-9474-1A3956D46DE8}") = "Tools", "Tools", "{9C5136EA-5ED0-4302-BD0E-C3E45B150D54}"
EndProject
Project("{2150E333-8FDC-42A3-9474-1A3956D46DE8}") = "SKUCrawler", "SKUCrawler", "{A8CA69E7-93AD-41F6-AED0-BBD7B3B01B7D}"
EndProject
Project("{9A19103F-16F7-4668-BE54-9A1E7A4F7556}") = "SizeBench.SKUCrawler", "SizeBench.SKUCrawler\SizeBench.SKUCrawler.csproj", "{C5E5AB23-82D4-4CAF-A2AD-83563D7367F4}"
EndProject
Project("{2150E333-8FDC-42A3-9474-1A3956D46DE8}") = "BinaryBytes", "BinaryBytes", "{F6E559D0-7001-4B27-AA20-05147E96FFCA}"
EndProject
Project("{9A19103F-16F7-4668-BE54-9A1E7A4F7556}") = "BinaryBytes", "BinaryBytes\BinaryBytes.csproj", "{CB423BCF-0005-41BD-8082-BE0027F38E65}"
EndProject
Project("{8BC9CEB8-8B4A-11D0-8D11-00A0C91BC942}") = "SizeBenchV2.AnalysisEngine.Tests.ClangClx64", "TestPEProjects\SizeBenchV2.AnalysisEngine.Tests.ClangClx64\SizeBenchV2.AnalysisEngine.Tests.ClangClx64.vcxproj", "{F3B85B36-DE41-48CC-84E5-D7FC9D1CE28D}"
EndProject
Project("{8BC9CEB8-8B4A-11D0-8D11-00A0C91BC942}") = "SizeBenchV2.AnalysisEngine.Tests.CodePageWin32Rsrc", "TestPEProjects\SizeBenchV2.AnalysisEngine.Tests.CodePageWin32Rsrc\SizeBenchV2.AnalysisEngine.Tests.CodePageWin32Rsrc.vcxproj", "{F5A769AB-AA4A-419B-BD04-E15C5B3F61A2}"
EndProject
Project("{8BC9CEB8-8B4A-11D0-8D11-00A0C91BC942}") = "SizeBenchV2.AnalysisEngine.Tests.InlineSites", "TestPEProjects\SizeBenchV2.AnalysisEngine.Tests.InlineSites\SizeBenchV2.AnalysisEngine.Tests.InlineSites.vcxproj", "{1758B4E2-9D50-4257-9ABD-5838A768575E}"
EndProject
Global
	GlobalSection(SolutionConfigurationPlatforms) = preSolution
		Debug|x64 = Debug|x64
		Release|x64 = Release|x64
	EndGlobalSection
	GlobalSection(ProjectConfigurationPlatforms) = postSolution
		{8DC65B1C-73E7-4115-BEF9-A4E2BB227BBD}.Debug|x64.ActiveCfg = Debug|x64
		{8DC65B1C-73E7-4115-BEF9-A4E2BB227BBD}.Debug|x64.Build.0 = Debug|x64
		{8DC65B1C-73E7-4115-BEF9-A4E2BB227BBD}.Release|x64.ActiveCfg = Release|x64
		{8DC65B1C-73E7-4115-BEF9-A4E2BB227BBD}.Release|x64.Build.0 = Release|x64
		{F1FED405-1C77-4DF1-A8C7-1FB85496271F}.Debug|x64.ActiveCfg = Debug|x64
		{F1FED405-1C77-4DF1-A8C7-1FB85496271F}.Debug|x64.Build.0 = Debug|x64
		{F1FED405-1C77-4DF1-A8C7-1FB85496271F}.Release|x64.ActiveCfg = Release|x64
		{F1FED405-1C77-4DF1-A8C7-1FB85496271F}.Release|x64.Build.0 = Release|x64
		{F2EE1D2F-E908-4C6B-9A03-22E101F95882}.Debug|x64.ActiveCfg = Debug|x64
		{F2EE1D2F-E908-4C6B-9A03-22E101F95882}.Debug|x64.Build.0 = Debug|x64
		{F2EE1D2F-E908-4C6B-9A03-22E101F95882}.Release|x64.ActiveCfg = Release|x64
		{F2EE1D2F-E908-4C6B-9A03-22E101F95882}.Release|x64.Build.0 = Release|x64
		{77B1C741-09A2-4C69-9CE9-CCC814104F2E}.Debug|x64.ActiveCfg = Debug|x64
		{77B1C741-09A2-4C69-9CE9-CCC814104F2E}.Debug|x64.Build.0 = Debug|x64
		{77B1C741-09A2-4C69-9CE9-CCC814104F2E}.Release|x64.ActiveCfg = Release|x64
		{77B1C741-09A2-4C69-9CE9-CCC814104F2E}.Release|x64.Build.0 = Release|x64
		{67AB8708-AC46-4AB4-BE88-AFEBBFF0798E}.Debug|x64.ActiveCfg = Debug|x64
		{67AB8708-AC46-4AB4-BE88-AFEBBFF0798E}.Debug|x64.Build.0 = Debug|x64
		{67AB8708-AC46-4AB4-BE88-AFEBBFF0798E}.Release|x64.ActiveCfg = Release|x64
		{67AB8708-AC46-4AB4-BE88-AFEBBFF0798E}.Release|x64.Build.0 = Release|x64
		{97DCB2D9-F2C5-4342-B229-1708A11F0DD9}.Debug|x64.ActiveCfg = Debug|x64
		{97DCB2D9-F2C5-4342-B229-1708A11F0DD9}.Debug|x64.Build.0 = Debug|x64
		{97DCB2D9-F2C5-4342-B229-1708A11F0DD9}.Release|x64.ActiveCfg = Release|x64
		{97DCB2D9-F2C5-4342-B229-1708A11F0DD9}.Release|x64.Build.0 = Release|x64
		{45FED563-6A30-4145-AB46-7D91FC6DA891}.Debug|x64.ActiveCfg = Debug|x64
		{45FED563-6A30-4145-AB46-7D91FC6DA891}.Debug|x64.Build.0 = Debug|x64
		{45FED563-6A30-4145-AB46-7D91FC6DA891}.Release|x64.ActiveCfg = Release|x64
		{45FED563-6A30-4145-AB46-7D91FC6DA891}.Release|x64.Build.0 = Release|x64
		{5158845A-13ED-484C-8B7B-555E503CDACF}.Debug|x64.ActiveCfg = Debug|x64
		{5158845A-13ED-484C-8B7B-555E503CDACF}.Debug|x64.Build.0 = Debug|x64
		{5158845A-13ED-484C-8B7B-555E503CDACF}.Release|x64.ActiveCfg = Release|x64
		{5158845A-13ED-484C-8B7B-555E503CDACF}.Release|x64.Build.0 = Release|x64
		{694D30FE-FA6D-4CBC-A0B3-D397A8F82CFF}.Debug|x64.ActiveCfg = Debug|x64
		{694D30FE-FA6D-4CBC-A0B3-D397A8F82CFF}.Release|x64.ActiveCfg = Debug|x64
		{15B12A39-F54A-4244-9940-551AF903991A}.Debug|x64.ActiveCfg = Debug|x64
		{15B12A39-F54A-4244-9940-551AF903991A}.Release|x64.ActiveCfg = Debug|x64
		{69E04B57-3CB8-4327-9CC0-7342061F4839}.Debug|x64.ActiveCfg = Debug|x64
		{69E04B57-3CB8-4327-9CC0-7342061F4839}.Release|x64.ActiveCfg = Release|x64
		{B6664B36-18A2-4590-ACD4-423104013C5D}.Debug|x64.ActiveCfg = Debug|x64
		{B6664B36-18A2-4590-ACD4-423104013C5D}.Release|x64.ActiveCfg = Release|x64
		{AA13147E-EAEC-4ACB-A89B-F0EBC0F185A3}.Debug|x64.ActiveCfg = Debug|x64
		{AA13147E-EAEC-4ACB-A89B-F0EBC0F185A3}.Release|x64.ActiveCfg = Release|x64
		{6472F1DC-F79D-4C0E-8B50-F1A9A60F6E08}.Debug|x64.ActiveCfg = Debug|x64
		{6472F1DC-F79D-4C0E-8B50-F1A9A60F6E08}.Release|x64.ActiveCfg = Release|x64
		{805FD1E9-A7D9-4D63-9F45-BD6317BAB281}.Debug|x64.ActiveCfg = Debug|x64
		{805FD1E9-A7D9-4D63-9F45-BD6317BAB281}.Release|x64.ActiveCfg = Debug|x64
		{1D040B79-5BBD-4209-AD95-AD45002C4ECA}.Debug|x64.ActiveCfg = Debug|x64
		{1D040B79-5BBD-4209-AD95-AD45002C4ECA}.Release|x64.ActiveCfg = Debug|x64
		{0CB24F74-3CCE-4BAA-969F-689B9F107662}.Debug|x64.ActiveCfg = Debug|ARM
		{0CB24F74-3CCE-4BAA-969F-689B9F107662}.Release|x64.ActiveCfg = Debug|ARM
		{B74CF335-2B65-4EE4-B827-87FF86CF1E4E}.Debug|x64.ActiveCfg = Debug|x64
		{B74CF335-2B65-4EE4-B827-87FF86CF1E4E}.Release|x64.ActiveCfg = Debug|x64
		{029285BD-A827-406E-91E1-1E5C3EF04144}.Debug|x64.ActiveCfg = Debug|x64
		{029285BD-A827-406E-91E1-1E5C3EF04144}.Release|x64.ActiveCfg = Debug|x64
		{122CE9E9-EDAC-4A8C-BED9-D4A5AB8878E6}.Debug|x64.ActiveCfg = Debug|Win32
		{122CE9E9-EDAC-4A8C-BED9-D4A5AB8878E6}.Release|x64.ActiveCfg = Debug|Win32
		{711E8382-1C4A-4605-8ED4-4C60F7D977BF}.Debug|x64.ActiveCfg = Debug|x64
		{711E8382-1C4A-4605-8ED4-4C60F7D977BF}.Release|x64.ActiveCfg = Debug|x64
		{5348AC48-C548-48C5-B21D-D3574C1BBC01}.Debug|x64.ActiveCfg = Debug|Win32
		{5348AC48-C548-48C5-B21D-D3574C1BBC01}.Release|x64.ActiveCfg = Debug|Win32
		{8BD87B9C-9270-4AC7-8582-42CB5EBF8A2F}.Debug|x64.ActiveCfg = Debug|x64
		{8BD87B9C-9270-4AC7-8582-42CB5EBF8A2F}.Release|x64.ActiveCfg = Debug|x64
		{0F46C1E4-BD6C-4F1F-8F1A-D59317ADA373}.Debug|x64.ActiveCfg = Debug|x64
		{0F46C1E4-BD6C-4F1F-8F1A-D59317ADA373}.Release|x64.ActiveCfg = Debug|x64
		{48C85EF3-56E1-4E53-9AC9-00753AA506E7}.Debug|x64.ActiveCfg = Debug|x64
		{48C85EF3-56E1-4E53-9AC9-00753AA506E7}.Release|x64.ActiveCfg = Debug|x64
		{FFC2E6D1-26DE-43E6-AC0F-4A0DCDBC1549}.Debug|x64.ActiveCfg = Debug|x64
		{FFC2E6D1-26DE-43E6-AC0F-4A0DCDBC1549}.Release|x64.ActiveCfg = Debug|x64
		{AE50A1BE-117A-465A-B782-2BCEBB6074C7}.Debug|x64.ActiveCfg = Debug|x64
		{AE50A1BE-117A-465A-B782-2BCEBB6074C7}.Release|x64.ActiveCfg = Debug|x64
		{486D1119-0570-4551-BAD3-CB4C7A03A7C1}.Debug|x64.ActiveCfg = Debug|x64
		{486D1119-0570-4551-BAD3-CB4C7A03A7C1}.Debug|x64.Build.0 = Debug|x64
		{486D1119-0570-4551-BAD3-CB4C7A03A7C1}.Release|x64.ActiveCfg = Release|x64
		{486D1119-0570-4551-BAD3-CB4C7A03A7C1}.Release|x64.Build.0 = Release|x64
		{C6030731-9CC2-4FE0-B2BB-C7F62C0E46BD}.Debug|x64.ActiveCfg = Debug|x64
		{C6030731-9CC2-4FE0-B2BB-C7F62C0E46BD}.Debug|x64.Build.0 = Debug|x64
		{C6030731-9CC2-4FE0-B2BB-C7F62C0E46BD}.Release|x64.ActiveCfg = Release|x64
		{C6030731-9CC2-4FE0-B2BB-C7F62C0E46BD}.Release|x64.Build.0 = Release|x64
		{1B091758-7467-4B4C-A31B-466BEE413624}.Debug|x64.ActiveCfg = Debug|x64
		{1B091758-7467-4B4C-A31B-466BEE413624}.Debug|x64.Build.0 = Debug|x64
		{1B091758-7467-4B4C-A31B-466BEE413624}.Release|x64.ActiveCfg = Release|x64
		{1B091758-7467-4B4C-A31B-466BEE413624}.Release|x64.Build.0 = Release|x64
		{F17FD7D7-4E57-4499-99AB-45C5C9B6ED94}.Debug|x64.ActiveCfg = Debug|x64
		{F17FD7D7-4E57-4499-99AB-45C5C9B6ED94}.Debug|x64.Build.0 = Debug|x64
		{F17FD7D7-4E57-4499-99AB-45C5C9B6ED94}.Release|x64.ActiveCfg = Release|x64
		{F17FD7D7-4E57-4499-99AB-45C5C9B6ED94}.Release|x64.Build.0 = Release|x64
		{82089C1B-BE55-4209-AD58-199A34E95EFD}.Debug|x64.ActiveCfg = Debug|x64
		{82089C1B-BE55-4209-AD58-199A34E95EFD}.Debug|x64.Build.0 = Debug|x64
		{82089C1B-BE55-4209-AD58-199A34E95EFD}.Release|x64.ActiveCfg = Release|x64
		{82089C1B-BE55-4209-AD58-199A34E95EFD}.Release|x64.Build.0 = Release|x64
		{8D44AA34-F205-4E0C-8D8B-9B48BA63FBCE}.Debug|x64.ActiveCfg = Debug|x64
		{8D44AA34-F205-4E0C-8D8B-9B48BA63FBCE}.Debug|x64.Build.0 = Debug|x64
		{8D44AA34-F205-4E0C-8D8B-9B48BA63FBCE}.Release|x64.ActiveCfg = Release|x64
		{8D44AA34-F205-4E0C-8D8B-9B48BA63FBCE}.Release|x64.Build.0 = Release|x64
		{58673F85-0809-4DB3-B5B6-08EB6680689E}.Debug|x64.ActiveCfg = Debug|x64
		{58673F85-0809-4DB3-B5B6-08EB6680689E}.Debug|x64.Build.0 = Debug|x64
		{58673F85-0809-4DB3-B5B6-08EB6680689E}.Release|x64.ActiveCfg = Release|x64
		{58673F85-0809-4DB3-B5B6-08EB6680689E}.Release|x64.Build.0 = Release|x64
		{566B5487-E496-4DCC-A3D1-B6C96418EAB4}.Debug|x64.ActiveCfg = Debug|x64
		{566B5487-E496-4DCC-A3D1-B6C96418EAB4}.Debug|x64.Build.0 = Debug|x64
		{566B5487-E496-4DCC-A3D1-B6C96418EAB4}.Release|x64.ActiveCfg = Release|x64
		{566B5487-E496-4DCC-A3D1-B6C96418EAB4}.Release|x64.Build.0 = Release|x64
		{F1641922-98EC-4AEF-81D8-84AA5B4F3820}.Debug|x64.ActiveCfg = Debug|x64
		{F1641922-98EC-4AEF-81D8-84AA5B4F3820}.Debug|x64.Build.0 = Debug|x64
		{F1641922-98EC-4AEF-81D8-84AA5B4F3820}.Release|x64.ActiveCfg = Release|x64
		{F1641922-98EC-4AEF-81D8-84AA5B4F3820}.Release|x64.Build.0 = Release|x64
		{7C2B0ED6-F9B5-47C0-A531-1DD7731B0681}.Debug|x64.ActiveCfg = Debug|x64
		{7C2B0ED6-F9B5-47C0-A531-1DD7731B0681}.Debug|x64.Build.0 = Debug|x64
		{7C2B0ED6-F9B5-47C0-A531-1DD7731B0681}.Debug|x64.Deploy.0 = Debug|x64
		{7C2B0ED6-F9B5-47C0-A531-1DD7731B0681}.Release|x64.ActiveCfg = Release|x64
		{7C2B0ED6-F9B5-47C0-A531-1DD7731B0681}.Release|x64.Build.0 = Release|x64
		{7C2B0ED6-F9B5-47C0-A531-1DD7731B0681}.Release|x64.Deploy.0 = Release|x64
		{C5E5AB23-82D4-4CAF-A2AD-83563D7367F4}.Debug|x64.ActiveCfg = Debug|x64
		{C5E5AB23-82D4-4CAF-A2AD-83563D7367F4}.Debug|x64.Build.0 = Debug|x64
		{C5E5AB23-82D4-4CAF-A2AD-83563D7367F4}.Release|x64.ActiveCfg = Release|x64
		{C5E5AB23-82D4-4CAF-A2AD-83563D7367F4}.Release|x64.Build.0 = Release|x64
		{CB423BCF-0005-41BD-8082-BE0027F38E65}.Debug|x64.ActiveCfg = Debug|x64
		{CB423BCF-0005-41BD-8082-BE0027F38E65}.Debug|x64.Build.0 = Debug|x64
		{CB423BCF-0005-41BD-8082-BE0027F38E65}.Release|x64.ActiveCfg = Release|x64
		{CB423BCF-0005-41BD-8082-BE0027F38E65}.Release|x64.Build.0 = Release|x64
		{F3B85B36-DE41-48CC-84E5-D7FC9D1CE28D}.Debug|x64.ActiveCfg = Debug|x64
		{F3B85B36-DE41-48CC-84E5-D7FC9D1CE28D}.Release|x64.ActiveCfg = Debug|x64
		{F5A769AB-AA4A-419B-BD04-E15C5B3F61A2}.Debug|x64.ActiveCfg = Debug|x64
		{F5A769AB-AA4A-419B-BD04-E15C5B3F61A2}.Release|x64.ActiveCfg = Debug|x64
		{1758B4E2-9D50-4257-9ABD-5838A768575E}.Debug|x64.ActiveCfg = Debug|x64
		{1758B4E2-9D50-4257-9ABD-5838A768575E}.Release|x64.ActiveCfg = Debug|x64
	EndGlobalSection
	GlobalSection(SolutionProperties) = preSolution
		HideSolutionNode = FALSE
	EndGlobalSection
	GlobalSection(NestedProjects) = preSolution
		{8DC65B1C-73E7-4115-BEF9-A4E2BB227BBD} = {42A14DC3-4E12-43EA-BA1F-4A3AA3176624}
		{F1FED405-1C77-4DF1-A8C7-1FB85496271F} = {42A14DC3-4E12-43EA-BA1F-4A3AA3176624}
		{F2EE1D2F-E908-4C6B-9A03-22E101F95882} = {DDB4277D-5229-47F8-8A1C-576CA06F7D0D}
		{77B1C741-09A2-4C69-9CE9-CCC814104F2E} = {DDB4277D-5229-47F8-8A1C-576CA06F7D0D}
		{67AB8708-AC46-4AB4-BE88-AFEBBFF0798E} = {DDB4277D-5229-47F8-8A1C-576CA06F7D0D}
		{97DCB2D9-F2C5-4342-B229-1708A11F0DD9} = {5E7F622A-2164-45BD-94F2-682AD964C057}
		{45FED563-6A30-4145-AB46-7D91FC6DA891} = {DDB4277D-5229-47F8-8A1C-576CA06F7D0D}
		{5158845A-13ED-484C-8B7B-555E503CDACF} = {DDB4277D-5229-47F8-8A1C-576CA06F7D0D}
		{593BF351-442B-49CD-B75B-D11905FB76FE} = {D2149B95-7115-43D7-9E9E-B68D703F205C}
		{DCE07710-61B5-4730-BF3D-1488D637807D} = {91DD9AE7-E9BE-4382-BF3B-797418B4907D}
		{4C07222A-0447-44E5-9898-24C7AC96548E} = {DCE07710-61B5-4730-BF3D-1488D637807D}
		{363BE50F-77C0-478E-A7D4-8404039F9B8A} = {DCE07710-61B5-4730-BF3D-1488D637807D}
		{694D30FE-FA6D-4CBC-A0B3-D397A8F82CFF} = {363BE50F-77C0-478E-A7D4-8404039F9B8A}
		{15B12A39-F54A-4244-9940-551AF903991A} = {363BE50F-77C0-478E-A7D4-8404039F9B8A}
		{69E04B57-3CB8-4327-9CC0-7342061F4839} = {363BE50F-77C0-478E-A7D4-8404039F9B8A}
		{B6664B36-18A2-4590-ACD4-423104013C5D} = {363BE50F-77C0-478E-A7D4-8404039F9B8A}
		{AA13147E-EAEC-4ACB-A89B-F0EBC0F185A3} = {4C07222A-0447-44E5-9898-24C7AC96548E}
		{6472F1DC-F79D-4C0E-8B50-F1A9A60F6E08} = {4C07222A-0447-44E5-9898-24C7AC96548E}
		{805FD1E9-A7D9-4D63-9F45-BD6317BAB281} = {4C07222A-0447-44E5-9898-24C7AC96548E}
		{1D040B79-5BBD-4209-AD95-AD45002C4ECA} = {4C07222A-0447-44E5-9898-24C7AC96548E}
		{0CB24F74-3CCE-4BAA-969F-689B9F107662} = {DCE07710-61B5-4730-BF3D-1488D637807D}
		{B74CF335-2B65-4EE4-B827-87FF86CF1E4E} = {DCE07710-61B5-4730-BF3D-1488D637807D}
		{029285BD-A827-406E-91E1-1E5C3EF04144} = {DCE07710-61B5-4730-BF3D-1488D637807D}
		{122CE9E9-EDAC-4A8C-BED9-D4A5AB8878E6} = {DCE07710-61B5-4730-BF3D-1488D637807D}
		{711E8382-1C4A-4605-8ED4-4C60F7D977BF} = {DCE07710-61B5-4730-BF3D-1488D637807D}
		{5348AC48-C548-48C5-B21D-D3574C1BBC01} = {DCE07710-61B5-4730-BF3D-1488D637807D}
		{8BD87B9C-9270-4AC7-8582-42CB5EBF8A2F} = {DCE07710-61B5-4730-BF3D-1488D637807D}
		{0F46C1E4-BD6C-4F1F-8F1A-D59317ADA373} = {DCE07710-61B5-4730-BF3D-1488D637807D}
		{48C85EF3-56E1-4E53-9AC9-00753AA506E7} = {DCE07710-61B5-4730-BF3D-1488D637807D}
		{FFC2E6D1-26DE-43E6-AC0F-4A0DCDBC1549} = {DCE07710-61B5-4730-BF3D-1488D637807D}
		{AE50A1BE-117A-465A-B782-2BCEBB6074C7} = {DCE07710-61B5-4730-BF3D-1488D637807D}
		{486D1119-0570-4551-BAD3-CB4C7A03A7C1} = {91DD9AE7-E9BE-4382-BF3B-797418B4907D}
		{C6030731-9CC2-4FE0-B2BB-C7F62C0E46BD} = {91DD9AE7-E9BE-4382-BF3B-797418B4907D}
		{1B091758-7467-4B4C-A31B-466BEE413624} = {5E7F622A-2164-45BD-94F2-682AD964C057}
		{F17FD7D7-4E57-4499-99AB-45C5C9B6ED94} = {91DD9AE7-E9BE-4382-BF3B-797418B4907D}
		{82089C1B-BE55-4209-AD58-199A34E95EFD} = {91DD9AE7-E9BE-4382-BF3B-797418B4907D}
		{8D44AA34-F205-4E0C-8D8B-9B48BA63FBCE} = {91DD9AE7-E9BE-4382-BF3B-797418B4907D}
		{58673F85-0809-4DB3-B5B6-08EB6680689E} = {8A39C918-2EE8-4630-BD34-C1ED9BD5B367}
		{566B5487-E496-4DCC-A3D1-B6C96418EAB4} = {8A39C918-2EE8-4630-BD34-C1ED9BD5B367}
		{F1641922-98EC-4AEF-81D8-84AA5B4F3820} = {8A39C918-2EE8-4630-BD34-C1ED9BD5B367}
		{7C2B0ED6-F9B5-47C0-A531-1DD7731B0681} = {8A39C918-2EE8-4630-BD34-C1ED9BD5B367}
		{A8CA69E7-93AD-41F6-AED0-BBD7B3B01B7D} = {9C5136EA-5ED0-4302-BD0E-C3E45B150D54}
		{C5E5AB23-82D4-4CAF-A2AD-83563D7367F4} = {A8CA69E7-93AD-41F6-AED0-BBD7B3B01B7D}
		{F6E559D0-7001-4B27-AA20-05147E96FFCA} = {9C5136EA-5ED0-4302-BD0E-C3E45B150D54}
		{CB423BCF-0005-41BD-8082-BE0027F38E65} = {F6E559D0-7001-4B27-AA20-05147E96FFCA}
		{F3B85B36-DE41-48CC-84E5-D7FC9D1CE28D} = {DCE07710-61B5-4730-BF3D-1488D637807D}
		{F5A769AB-AA4A-419B-BD04-E15C5B3F61A2} = {DCE07710-61B5-4730-BF3D-1488D637807D}
		{1758B4E2-9D50-4257-9ABD-5838A768575E} = {DCE07710-61B5-4730-BF3D-1488D637807D}
	EndGlobalSection
	GlobalSection(ExtensibilityGlobals) = postSolution
		SolutionGuid = {936F9790-BC54-416C-9C26-BB58BA16D33E}
	EndGlobalSection
EndGlobal
